
Microsoft Visual Studio Solution File, Format Version 12.00
# Visual Studio Version 17
VisualStudioVersion = 17.4.33205.214
MinimumVisualStudioVersion = 10.0.40219.1
Project("{FAE04EC0-301F-11D3-BF4B-00C04F79EFBC}") = "BethanysPieShop.InventoryManagement", "BethanysPieShop.InventoryManagement\BethanysPieShop.InventoryManagement.csproj", "{67B3DC32-2EED-4E8C-B8DB-5D76A119EC70}"
EndProject
Global
	GlobalSection(SolutionConfigurationPlatforms) = preSolution
		Debug|Any CPU = Debug|Any CPU
		Release|Any CPU = Release|Any CPU
	EndGlobalSection
	GlobalSection(ProjectConfigurationPlatforms) = postSolution
		{67B3DC32-2EED-4E8C-B8DB-5D76A119EC70}.Debug|Any CPU.ActiveCfg = Debug|Any CPU
		{67B3DC32-2EED-4E8C-B8DB-5D76A119EC70}.Debug|Any CPU.Build.0 = Debug|Any CPU
		{67B3DC32-2EED-4E8C-B8DB-5D76A119EC70}.Release|Any CPU.ActiveCfg = Release|Any CPU
		{67B3DC32-2EED-4E8C-B8DB-5D76A119EC70}.Release|Any CPU.Build.0 = Release|Any CPU
	EndGlobalSection
	GlobalSection(SolutionProperties) = preSolution
		HideSolutionNode = FALSE
	EndGlobalSection
	GlobalSection(ExtensibilityGlobals) = postSolution
		SolutionGuid = {6B9915D4-1EDF-4E1D-8D16-D423D2365394}
	EndGlobalSection
EndGlobal
